
Microsoft Visual Studio Solution File, Format Version 12.00
# Visual Studio Version 17
VisualStudioVersion = 17.0.31903.59
MinimumVisualStudioVersion = 10.0.40219.1
Project("{FAE04EC0-301F-11D3-BF4B-00C04F79EFBC}") = "Demo.API", "Demo.API\Demo.API.csproj", "{75AB0B75-EBD1-4E8F-B943-A2BC2E28A72A}"
EndProject
Project("{FAE04EC0-301F-11D3-BF4B-00C04F79EFBC}") = "Demo.UI", "Demo.UI\Demo.UI.csproj", "{2095E2D5-07CE-4205-A4F8-BABAAD2FE931}"
EndProject
Project("{FAE04EC0-301F-11D3-BF4B-00C04F79EFBC}") = "Demo.Shared", "Demo.Shared\Demo.Shared.csproj", "{4E415DE1-9D0F-4FEE-9E37-EE3806AEB068}"
EndProject
Project("{FAE04EC0-301F-11D3-BF4B-00C04F79EFBC}") = "Demo.Data.Sqlite", "Demo.Data.Sqlite\Demo.Data.Sqlite.csproj", "{6CC1E361-F4EF-4780-99B7-AB7AE2B3F187}"
EndProject
Global
	GlobalSection(SolutionConfigurationPlatforms) = preSolution
		Debug|Any CPU = Debug|Any CPU
		Debug|x64 = Debug|x64
		Debug|x86 = Debug|x86
		Release|Any CPU = Release|Any CPU
		Release|x64 = Release|x64
		Release|x86 = Release|x86
	EndGlobalSection
	GlobalSection(ProjectConfigurationPlatforms) = postSolution
		{75AB0B75-EBD1-4E8F-B943-A2BC2E28A72A}.Debug|Any CPU.ActiveCfg = Debug|Any CPU
		{75AB0B75-EBD1-4E8F-B943-A2BC2E28A72A}.Debug|Any CPU.Build.0 = Debug|Any CPU
		{75AB0B75-EBD1-4E8F-B943-A2BC2E28A72A}.Debug|x64.ActiveCfg = Debug|Any CPU
		{75AB0B75-EBD1-4E8F-B943-A2BC2E28A72A}.Debug|x64.Build.0 = Debug|Any CPU
		{75AB0B75-EBD1-4E8F-B943-A2BC2E28A72A}.Debug|x86.ActiveCfg = Debug|Any CPU
		{75AB0B75-EBD1-4E8F-B943-A2BC2E28A72A}.Debug|x86.Build.0 = Debug|Any CPU
		{75AB0B75-EBD1-4E8F-B943-A2BC2E28A72A}.Release|Any CPU.ActiveCfg = Release|Any CPU
		{75AB0B75-EBD1-4E8F-B943-A2BC2E28A72A}.Release|Any CPU.Build.0 = Release|Any CPU
		{75AB0B75-EBD1-4E8F-B943-A2BC2E28A72A}.Release|x64.ActiveCfg = Release|Any CPU
		{75AB0B75-EBD1-4E8F-B943-A2BC2E28A72A}.Release|x64.Build.0 = Release|Any CPU
		{75AB0B75-EBD1-4E8F-B943-A2BC2E28A72A}.Release|x86.ActiveCfg = Release|Any CPU
		{75AB0B75-EBD1-4E8F-B943-A2BC2E28A72A}.Release|x86.Build.0 = Release|Any CPU
		{2095E2D5-07CE-4205-A4F8-BABAAD2FE931}.Debug|Any CPU.ActiveCfg = Debug|Any CPU
		{2095E2D5-07CE-4205-A4F8-BABAAD2FE931}.Debug|Any CPU.Build.0 = Debug|Any CPU
		{2095E2D5-07CE-4205-A4F8-BABAAD2FE931}.Debug|x64.ActiveCfg = Debug|Any CPU
		{2095E2D5-07CE-4205-A4F8-BABAAD2FE931}.Debug|x64.Build.0 = Debug|Any CPU
		{2095E2D5-07CE-4205-A4F8-BABAAD2FE931}.Debug|x86.ActiveCfg = Debug|Any CPU
		{2095E2D5-07CE-4205-A4F8-BABAAD2FE931}.Debug|x86.Build.0 = Debug|Any CPU
		{2095E2D5-07CE-4205-A4F8-BABAAD2FE931}.Release|Any CPU.ActiveCfg = Release|Any CPU
		{2095E2D5-07CE-4205-A4F8-BABAAD2FE931}.Release|Any CPU.Build.0 = Release|Any CPU
		{2095E2D5-07CE-4205-A4F8-BABAAD2FE931}.Release|x64.ActiveCfg = Release|Any CPU
		{2095E2D5-07CE-4205-A4F8-BABAAD2FE931}.Release|x64.Build.0 = Release|Any CPU
		{2095E2D5-07CE-4205-A4F8-BABAAD2FE931}.Release|x86.ActiveCfg = Release|Any CPU
		{2095E2D5-07CE-4205-A4F8-BABAAD2FE931}.Release|x86.Build.0 = Release|Any CPU
		{4E415DE1-9D0F-4FEE-9E37-EE3806AEB068}.Debug|Any CPU.ActiveCfg = Debug|Any CPU
		{4E415DE1-9D0F-4FEE-9E37-EE3806AEB068}.Debug|Any CPU.Build.0 = Debug|Any CPU
		{4E415DE1-9D0F-4FEE-9E37-EE3806AEB068}.Debug|x64.ActiveCfg = Debug|Any CPU
		{4E415DE1-9D0F-4FEE-9E37-EE3806AEB068}.Debug|x64.Build.0 = Debug|Any CPU
		{4E415DE1-9D0F-4FEE-9E37-EE3806AEB068}.Debug|x86.ActiveCfg = Debug|Any CPU
		{4E415DE1-9D0F-4FEE-9E37-EE3806AEB068}.Debug|x86.Build.0 = Debug|Any CPU
		{4E415DE1-9D0F-4FEE-9E37-EE3806AEB068}.Release|Any CPU.ActiveCfg = Release|Any CPU
		{4E415DE1-9D0F-4FEE-9E37-EE3806AEB068}.Release|Any CPU.Build.0 = Release|Any CPU
		{4E415DE1-9D0F-4FEE-9E37-EE3806AEB068}.Release|x64.ActiveCfg = Release|Any CPU
		{4E415DE1-9D0F-4FEE-9E37-EE3806AEB068}.Release|x64.Build.0 = Release|Any CPU
		{4E415DE1-9D0F-4FEE-9E37-EE3806AEB068}.Release|x86.ActiveCfg = Release|Any CPU
		{4E415DE1-9D0F-4FEE-9E37-EE3806AEB068}.Release|x86.Build.0 = Release|Any CPU
		{6CC1E361-F4EF-4780-99B7-AB7AE2B3F187}.Debug|Any CPU.ActiveCfg = Debug|Any CPU
		{6CC1E361-F4EF-4780-99B7-AB7AE2B3F187}.Debug|Any CPU.Build.0 = Debug|Any CPU
		{6CC1E361-F4EF-4780-99B7-AB7AE2B3F187}.Debug|x64.ActiveCfg = Debug|Any CPU
		{6CC1E361-F4EF-4780-99B7-AB7AE2B3F187}.Debug|x64.Build.0 = Debug|Any CPU
		{6CC1E361-F4EF-4780-99B7-AB7AE2B3F187}.Debug|x86.ActiveCfg = Debug|Any CPU
		{6CC1E361-F4EF-4780-99B7-AB7AE2B3F187}.Debug|x86.Build.0 = Debug|Any CPU
		{6CC1E361-F4EF-4780-99B7-AB7AE2B3F187}.Release|Any CPU.ActiveCfg = Release|Any CPU
		{6CC1E361-F4EF-4780-99B7-AB7AE2B3F187}.Release|Any CPU.Build.0 = Release|Any CPU
		{6CC1E361-F4EF-4780-99B7-AB7AE2B3F187}.Release|x64.ActiveCfg = Release|Any CPU
		{6CC1E361-F4EF-4780-99B7-AB7AE2B3F187}.Release|x64.Build.0 = Release|Any CPU
		{6CC1E361-F4EF-4780-99B7-AB7AE2B3F187}.Release|x86.ActiveCfg = Release|Any CPU
		{6CC1E361-F4EF-4780-99B7-AB7AE2B3F187}.Release|x86.Build.0 = Release|Any CPU
	EndGlobalSection
	GlobalSection(SolutionProperties) = preSolution
		HideSolutionNode = FALSE
	EndGlobalSection
EndGlobal
